
Microsoft Visual Studio Solution File, Format Version 12.00
# Visual Studio Version 16
VisualStudioVersion = 16.0.30621.155
MinimumVisualStudioVersion = 10.0.40219.1
Project("{FAE04EC0-301F-11D3-BF4B-00C04F79EFBC}") = "ConsoleApp1", "ConsoleApp1\ConsoleApp1.csproj", "{A9A80927-094C-4B63-AFA6-E22FA3375EF7}"
EndProject
Global
	GlobalSection(SolutionConfigurationPlatforms) = preSolution
		Debug|Any CPU = Debug|Any CPU
		Release|Any CPU = Release|Any CPU
	EndGlobalSection
	GlobalSection(ProjectConfigurationPlatforms) = postSolution
		{A9A80927-094C-4B63-AFA6-E22FA3375EF7}.Debug|Any CPU.ActiveCfg = Debug|Any CPU
		{A9A80927-094C-4B63-AFA6-E22FA3375EF7}.Debug|Any CPU.Build.0 = Debug|Any CPU
		{A9A80927-094C-4B63-AFA6-E22FA3375EF7}.Release|Any CPU.ActiveCfg = Release|Any CPU
		{A9A80927-094C-4B63-AFA6-E22FA3375EF7}.Release|Any CPU.Build.0 = Release|Any CPU
	EndGlobalSection
	GlobalSection(SolutionProperties) = preSolution
		HideSolutionNode = FALSE
	EndGlobalSection
	GlobalSection(ExtensibilityGlobals) = postSolution
		SolutionGuid = {9D121B22-DE87-4167-8C1E-D3C00D4A5A5F}
	EndGlobalSection
EndGlobal
